
Microsoft Visual Studio Solution File, Format Version 12.00
# Visual Studio Version 17
VisualStudioVersion = 17.4.33213.308
MinimumVisualStudioVersion = 10.0.40219.1
Project("{FAE04EC0-301F-11D3-BF4B-00C04F79EFBC}") = "HomeWork3", "HomeWork3\HomeWork3.csproj", "{9D460448-0708-488C-B8A6-15E019632B73}"
EndProject
Global
	GlobalSection(SolutionConfigurationPlatforms) = preSolution
		Debug|Any CPU = Debug|Any CPU
		Release|Any CPU = Release|Any CPU
	EndGlobalSection
	GlobalSection(ProjectConfigurationPlatforms) = postSolution
		{9D460448-0708-488C-B8A6-15E019632B73}.Debug|Any CPU.ActiveCfg = Debug|Any CPU
		{9D460448-0708-488C-B8A6-15E019632B73}.Debug|Any CPU.Build.0 = Debug|Any CPU
		{9D460448-0708-488C-B8A6-15E019632B73}.Release|Any CPU.ActiveCfg = Release|Any CPU
		{9D460448-0708-488C-B8A6-15E019632B73}.Release|Any CPU.Build.0 = Release|Any CPU
	EndGlobalSection
	GlobalSection(SolutionProperties) = preSolution
		HideSolutionNode = FALSE
	EndGlobalSection
	GlobalSection(ExtensibilityGlobals) = postSolution
		SolutionGuid = {47F433AF-6170-458D-B1CF-DC27BCB325CD}
	EndGlobalSection
EndGlobal
