
Microsoft Visual Studio Solution File, Format Version 12.00
# Visual Studio Version 17
VisualStudioVersion = 17.4.33213.308
MinimumVisualStudioVersion = 10.0.40219.1
Project("{FAE04EC0-301F-11D3-BF4B-00C04F79EFBC}") = "HomeWork2", "HomeWork2\HomeWork2.csproj", "{DBE10E3D-CBA4-4FBF-BF9C-B4C1ABAD2D2C}"
EndProject
Global
	GlobalSection(SolutionConfigurationPlatforms) = preSolution
		Debug|Any CPU = Debug|Any CPU
		Release|Any CPU = Release|Any CPU
	EndGlobalSection
	GlobalSection(ProjectConfigurationPlatforms) = postSolution
		{DBE10E3D-CBA4-4FBF-BF9C-B4C1ABAD2D2C}.Debug|Any CPU.ActiveCfg = Debug|Any CPU
		{DBE10E3D-CBA4-4FBF-BF9C-B4C1ABAD2D2C}.Debug|Any CPU.Build.0 = Debug|Any CPU
		{DBE10E3D-CBA4-4FBF-BF9C-B4C1ABAD2D2C}.Release|Any CPU.ActiveCfg = Release|Any CPU
		{DBE10E3D-CBA4-4FBF-BF9C-B4C1ABAD2D2C}.Release|Any CPU.Build.0 = Release|Any CPU
	EndGlobalSection
	GlobalSection(SolutionProperties) = preSolution
		HideSolutionNode = FALSE
	EndGlobalSection
	GlobalSection(ExtensibilityGlobals) = postSolution
		SolutionGuid = {2B8DCDB2-A785-472F-BDDE-0E31970EE812}
	EndGlobalSection
EndGlobal
